// !$*UTF8*$!
{
	archiveVersion = 1;
	classes = {
	};
	objectVersion = 46;
	objects = {

/* Begin PBXBuildFile section */
		D6E835AD1C8760D5009BFF5A /* AppDelegate.swift in Sources */ = {isa = PBXBuildFile; fileRef = D6E835AC1C8760D5009BFF5A /* AppDelegate.swift */; };
		D6E835AF1C8760D5009BFF5A /* ViewController.swift in Sources */ = {isa = PBXBuildFile; fileRef = D6E835AE1C8760D5009BFF5A /* ViewController.swift */; };
		D6E835B21C8760D5009BFF5A /* Main.storyboard in Resources */ = {isa = PBXBuildFile; fileRef = D6E835B01C8760D5009BFF5A /* Main.storyboard */; };
		D6E835B41C8760D5009BFF5A /* Assets.xcassets in Resources */ = {isa = PBXBuildFile; fileRef = D6E835B31C8760D5009BFF5A /* Assets.xcassets */; };
		D6E835B71C8760D5009BFF5A /* LaunchScreen.storyboard in Resources */ = {isa = PBXBuildFile; fileRef = D6E835B51C8760D5009BFF5A /* LaunchScreen.storyboard */; };
		D6E835C21C8760D5009BFF5A /* FirstAppTests.swift in Sources */ = {isa = PBXBuildFile; fileRef = D6E835C11C8760D5009BFF5A /* FirstAppTests.swift */; };
		D6E835CD1C8760D5009BFF5A /* FirstAppUITests.swift in Sources */ = {isa = PBXBuildFile; fileRef = D6E835CC1C8760D5009BFF5A /* FirstAppUITests.swift */; };
/* End PBXBuildFile section */

/* Begin PBXContainerItemProxy section */
		D6E835BE1C8760D5009BFF5A /* PBXContainerItemProxy */ = {
			isa = PBXContainerItemProxy;
			containerPortal = D6E835A11C8760D5009BFF5A /* Project object */;
			proxyType = 1;
			remoteGlobalIDString = D6E835A81C8760D5009BFF5A;
			remoteInfo = FirstApp;
		};
		D6E835C91C8760D5009BFF5A /* PBXContainerItemProxy */ = {
			isa = PBXContainerItemProxy;
			containerPortal = D6E835A11C8760D5009BFF5A /* Project object */;
			proxyType = 1;
			remoteGlobalIDString = D6E835A81C8760D5009BFF5A;
			remoteInfo = FirstApp;
		};
/* End PBXContainerItemProxy section */

/* Begin PBXFileReference section */
		D6E835A91C8760D5009BFF5A /* FirstApp.app */ = {isa = PBXFileReference; explicitFileType = wrapper.application; includeInIndex = 0; path = FirstApp.app; sourceTree = BUILT_PRODUCTS_DIR; };
		D6E835AC1C8760D5009BFF5A /* AppDelegate.swift */ = {isa = PBXFileReference; lastKnownFileType = sourcecode.swift; path = AppDelegate.swift; sourceTree = "<group>"; };
		D6E835AE1C8760D5009BFF5A /* ViewController.swift */ = {isa = PBXFileReference; lastKnownFileType = sourcecode.swift; path = ViewController.swift; sourceTree = "<group>"; };
		D6E835B11C8760D5009BFF5A /* Base */ = {isa = PBXFileReference; lastKnownFileType = file.storyboard; name = Base; path = Base.lproj/Main.storyboard; sourceTree = "<group>"; };
		D6E835B31C8760D5009BFF5A /* Assets.xcassets */ = {isa = PBXFileReference; lastKnownFileType = folder.assetcatalog; path = Assets.xcassets; sourceTree = "<group>"; };
		D6E835B61C8760D5009BFF5A /* Base */ = {isa = PBXFileReference; lastKnownFileType = file.storyboard; name = Base; path = Base.lproj/LaunchScreen.storyboard; sourceTree = "<group>"; };
		D6E835B81C8760D5009BFF5A /* Info.plist */ = {isa = PBXFileReference; lastKnownFileType = text.plist.xml; path = Info.plist; sourceTree = "<group>"; };
		D6E835BD1C8760D5009BFF5A /* FirstAppTests.xctest */ = {isa = PBXFileReference; explicitFileType = wrapper.cfbundle; includeInIndex = 0; path = FirstAppTests.xctest; sourceTree = BUILT_PRODUCTS_DIR; };
		D6E835C11C8760D5009BFF5A /* FirstAppTests.swift */ = {isa = PBXFileReference; lastKnownFileType = sourcecode.swift; path = FirstAppTests.swift; sourceTree = "<group>"; };
		D6E835C31C8760D5009BFF5A /* Info.plist */ = {isa = PBXFileReference; lastKnownFileType = text.plist.xml; path = Info.plist; sourceTree = "<group>"; };
		D6E835C81C8760D5009BFF5A /* FirstAppUITests.xctest */ = {isa = PBXFileReference; explicitFileType = wrapper.cfbundle; includeInIndex = 0; path = FirstAppUITests.xctest; sourceTree = BUILT_PRODUCTS_DIR; };
		D6E835CC1C8760D5009BFF5A /* FirstAppUITests.swift */ = {isa = PBXFileReference; lastKnownFileType = sourcecode.swift; path = FirstAppUITests.swift; sourceTree = "<group>"; };
		D6E835CE1C8760D5009BFF5A /* Info.plist */ = {isa = PBXFileReference; lastKnownFileType = text.plist.xml; path = Info.plist; sourceTree = "<group>"; };
/* End PBXFileReference section */

/* Begin PBXFrameworksBuildPhase section */
		D6E835A61C8760D5009BFF5A /* Frameworks */ = {
			isa = PBXFrameworksBuildPhase;
			buildActionMask = 2147483647;
			files = (
			);
			runOnlyForDeploymentPostprocessing = 0;
		};
		D6E835BA1C8760D5009BFF5A /* Frameworks */ = {
			isa = PBXFrameworksBuildPhase;
			buildActionMask = 2147483647;
			files = (
			);
			runOnlyForDeploymentPostprocessing = 0;
		};
		D6E835C51C8760D5009BFF5A /* Frameworks */ = {
			isa = PBXFrameworksBuildPhase;
			buildActionMask = 2147483647;
			files = (
			);
			runOnlyForDeploymentPostprocessing = 0;
		};
/* End PBXFrameworksBuildPhase section */

/* Begin PBXGroup section */
		D6E835A01C8760D5009BFF5A = {
			isa = PBXGroup;
			children = (
				D6E835AB1C8760D5009BFF5A /* FirstApp */,
				D6E835C01C8760D5009BFF5A /* FirstAppTests */,
				D6E835CB1C8760D5009BFF5A /* FirstAppUITests */,
				D6E835AA1C8760D5009BFF5A /* Products */,
			);
			sourceTree = "<group>";
		};
		D6E835AA1C8760D5009BFF5A /* Products */ = {
			isa = PBXGroup;
			children = (
				D6E835A91C8760D5009BFF5A /* FirstApp.app */,
				D6E835BD1C8760D5009BFF5A /* FirstAppTests.xctest */,
				D6E835C81C8760D5009BFF5A /* FirstAppUITests.xctest */,
			);
			name = Products;
			sourceTree = "<group>";
		};
		D6E835AB1C8760D5009BFF5A /* FirstApp */ = {
			isa = PBXGroup;
			children = (
				D6E835AC1C8760D5009BFF5A /* AppDelegate.swift */,
				D6E835AE1C8760D5009BFF5A /* ViewController.swift */,
				D6E835B01C8760D5009BFF5A /* Main.storyboard */,
				D6E835B31C8760D5009BFF5A /* Assets.xcassets */,
				D6E835B51C8760D5009BFF5A /* LaunchScreen.storyboard */,
				D6E835B81C8760D5009BFF5A /* Info.plist */,
			);
			path = FirstApp;
			sourceTree = "<group>";
		};
		D6E835C01C8760D5009BFF5A /* FirstAppTests */ = {
			isa = PBXGroup;
			children = (
				D6E835C11C8760D5009BFF5A /* FirstAppTests.swift */,
				D6E835C31C8760D5009BFF5A /* Info.plist */,
			);
			path = FirstAppTests;
			sourceTree = "<group>";
		};
		D6E835CB1C8760D5009BFF5A /* FirstAppUITests */ = {
			isa = PBXGroup;
			children = (
				D6E835CC1C8760D5009BFF5A /* FirstAppUITests.swift */,
				D6E835CE1C8760D5009BFF5A /* Info.plist */,
			);
			path = FirstAppUITests;
			sourceTree = "<group>";
		};
/* End PBXGroup section */

/* Begin PBXNativeTarget section */
		D6E835A81C8760D5009BFF5A /* FirstApp */ = {
			isa = PBXNativeTarget;
			buildConfigurationList = D6E835D11C8760D5009BFF5A /* Build configuration list for PBXNativeTarget "FirstApp" */;
			buildPhases = (
				D6E835A51C8760D5009BFF5A /* Sources */,
				D6E835A61C8760D5009BFF5A /* Frameworks */,
				D6E835A71C8760D5009BFF5A /* Resources */,
			);
			buildRules = (
			);
			dependencies = (
			);
			name = FirstApp;
			productName = FirstApp;
			productReference = D6E835A91C8760D5009BFF5A /* FirstApp.app */;
			productType = "com.apple.product-type.application";
		};
		D6E835BC1C8760D5009BFF5A /* FirstAppTests */ = {
			isa = PBXNativeTarget;
			buildConfigurationList = D6E835D41C8760D5009BFF5A /* Build configuration list for PBXNativeTarget "FirstAppTests" */;
			buildPhases = (
				D6E835B91C8760D5009BFF5A /* Sources */,
				D6E835BA1C8760D5009BFF5A /* Frameworks */,
				D6E835BB1C8760D5009BFF5A /* Resources */,
			);
			buildRules = (
			);
			dependencies = (
				D6E835BF1C8760D5009BFF5A /* PBXTargetDependency */,
			);
			name = FirstAppTests;
			productName = FirstAppTests;
			productReference = D6E835BD1C8760D5009BFF5A /* FirstAppTests.xctest */;
			productType = "com.apple.product-type.bundle.unit-test";
		};
		D6E835C71C8760D5009BFF5A /* FirstAppUITests */ = {
			isa = PBXNativeTarget;
			buildConfigurationList = D6E835D71C8760D5009BFF5A /* Build configuration list for PBXNativeTarget "FirstAppUITests" */;
			buildPhases = (
				D6E835C41C8760D5009BFF5A /* Sources */,
				D6E835C51C8760D5009BFF5A /* Frameworks */,
				D6E835C61C8760D5009BFF5A /* Resources */,
			);
			buildRules = (
			);
			dependencies = (
				D6E835CA1C8760D5009BFF5A /* PBXTargetDependency */,
			);
			name = FirstAppUITests;
			productName = FirstAppUITests;
			productReference = D6E835C81C8760D5009BFF5A /* FirstAppUITests.xctest */;
			productType = "com.apple.product-type.bundle.ui-testing";
		};
/* End PBXNativeTarget section */

/* Begin PBXProject section */
		D6E835A11C8760D5009BFF5A /* Project object */ = {
			isa = PBXProject;
			attributes = {
				LastSwiftUpdateCheck = 0720;
				LastUpgradeCheck = 0720;
				ORGANIZATIONNAME = tpidech;
				TargetAttributes = {
					D6E835A81C8760D5009BFF5A = {
						CreatedOnToolsVersion = 7.2.1;
					};
					D6E835BC1C8760D5009BFF5A = {
						CreatedOnToolsVersion = 7.2.1;
						TestTargetID = D6E835A81C8760D5009BFF5A;
					};
					D6E835C71C8760D5009BFF5A = {
						CreatedOnToolsVersion = 7.2.1;
						TestTargetID = D6E835A81C8760D5009BFF5A;
					};
				};
			};
			buildConfigurationList = D6E835A41C8760D5009BFF5A /* Build configuration list for PBXProject "FirstApp" */;
			compatibilityVersion = "Xcode 3.2";
			developmentRegion = English;
			hasScannedForEncodings = 0;
			knownRegions = (
				en,
				Base,
			);
			mainGroup = D6E835A01C8760D5009BFF5A;
			productRefGroup = D6E835AA1C8760D5009BFF5A /* Products */;
			projectDirPath = "";
			projectRoot = "";
			targets = (
				D6E835A81C8760D5009BFF5A /* FirstApp */,
				D6E835BC1C8760D5009BFF5A /* FirstAppTests */,
				D6E835C71C8760D5009BFF5A /* FirstAppUITests */,
			);
		};
/* End PBXProject section */

/* Begin PBXResourcesBuildPhase section */
		D6E835A71C8760D5009BFF5A /* Resources */ = {
			isa = PBXResourcesBuildPhase;
			buildActionMask = 2147483647;
			files = (
				D6E835B71C8760D5009BFF5A /* LaunchScreen.storyboard in Resources */,
				D6E835B41C8760D5009BFF5A /* Assets.xcassets in Resources */,
				D6E835B21C8760D5009BFF5A /* Main.storyboard in Resources */,
			);
			runOnlyForDeploymentPostprocessing = 0;
		};
		D6E835BB1C8760D5009BFF5A /* Resources */ = {
			isa = PBXResourcesBuildPhase;
			buildActionMask = 2147483647;
			files = (
			);
			runOnlyForDeploymentPostprocessing = 0;
		};
		D6E835C61C8760D5009BFF5A /* Resources */ = {
			isa = PBXResourcesBuildPhase;
			buildActionMask = 2147483647;
			files = (
			);
			runOnlyForDeploymentPostprocessing = 0;
		};
/* End PBXResourcesBuildPhase section */

/* Begin PBXSourcesBuildPhase section */
		D6E835A51C8760D5009BFF5A /* Sources */ = {
			isa = PBXSourcesBuildPhase;
			buildActionMask = 2147483647;
			files = (
				D6E835AF1C8760D5009BFF5A /* ViewController.swift in Sources */,
				D6E835AD1C8760D5009BFF5A /* AppDelegate.swift in Sources */,
			);
			runOnlyForDeploymentPostprocessing = 0;
		};
		D6E835B91C8760D5009BFF5A /* Sources */ = {
			isa = PBXSourcesBuildPhase;
			buildActionMask = 2147483647;
			files = (
				D6E835C21C8760D5009BFF5A /* FirstAppTests.swift in Sources */,
			);
			runOnlyForDeploymentPostprocessing = 0;
		};
		D6E835C41C8760D5009BFF5A /* Sources */ = {
			isa = PBXSourcesBuildPhase;
			buildActionMask = 2147483647;
			files = (
				D6E835CD1C8760D5009BFF5A /* FirstAppUITests.swift in Sources */,
			);
			runOnlyForDeploymentPostprocessing = 0;
		};
/* End PBXSourcesBuildPhase section */

/* Begin PBXTargetDependency section */
		D6E835BF1C8760D5009BFF5A /* PBXTargetDependency */ = {
			isa = PBXTargetDependency;
			target = D6E835A81C8760D5009BFF5A /* FirstApp */;
			targetProxy = D6E835BE1C8760D5009BFF5A /* PBXContainerItemProxy */;
		};
		D6E835CA1C8760D5009BFF5A /* PBXTargetDependency */ = {
			isa = PBXTargetDependency;
			target = D6E835A81C8760D5009BFF5A /* FirstApp */;
			targetProxy = D6E835C91C8760D5009BFF5A /* PBXContainerItemProxy */;
		};
/* End PBXTargetDependency section */

/* Begin PBXVariantGroup section */
		D6E835B01C8760D5009BFF5A /* Main.storyboard */ = {
			isa = PBXVariantGroup;
			children = (
				D6E835B11C8760D5009BFF5A /* Base */,
			);
			name = Main.storyboard;
			sourceTree = "<group>";
		};
		D6E835B51C8760D5009BFF5A /* LaunchScreen.storyboard */ = {
			isa = PBXVariantGroup;
			children = (
				D6E835B61C8760D5009BFF5A /* Base */,
			);
			name = LaunchScreen.storyboard;
			sourceTree = "<group>";
		};
/* End PBXVariantGroup section */

/* Begin XCBuildConfiguration section */
		D6E835CF1C8760D5009BFF5A /* Debug */ = {
			isa = XCBuildConfiguration;
			buildSettings = {
				ALWAYS_SEARCH_USER_PATHS = NO;
				CLANG_CXX_LANGUAGE_STANDARD = "gnu++0x";
				CLANG_CXX_LIBRARY = "libc++";
				CLANG_ENABLE_MODULES = YES;
				CLANG_ENABLE_OBJC_ARC = YES;
				CLANG_WARN_BOOL_CONVERSION = YES;
				CLANG_WARN_CONSTANT_CONVERSION = YES;
				CLANG_WARN_DIRECT_OBJC_ISA_USAGE = YES_ERROR;
				CLANG_WARN_EMPTY_BODY = YES;
				CLANG_WARN_ENUM_CONVERSION = YES;
				CLANG_WARN_INT_CONVERSION = YES;
				CLANG_WARN_OBJC_ROOT_CLASS = YES_ERROR;
				CLANG_WARN_UNREACHABLE_CODE = YES;
				CLANG_WARN__DUPLICATE_METHOD_MATCH = YES;
				"CODE_SIGN_IDENTITY[sdk=iphoneos*]" = "iPhone Developer";
				COPY_PHASE_STRIP = NO;
				DEBUG_INFORMATION_FORMAT = dwarf;
				ENABLE_STRICT_OBJC_MSGSEND = YES;
				ENABLE_TESTABILITY = YES;
				GCC_C_LANGUAGE_STANDARD = gnu99;
				GCC_DYNAMIC_NO_PIC = NO;
				GCC_NO_COMMON_BLOCKS = YES;
				GCC_OPTIMIZATION_LEVEL = 0;
				GCC_PREPROCESSOR_DEFINITIONS = (
					"DEBUG=1",
					"$(inherited)",
				);
				GCC_WARN_64_TO_32_BIT_CONVERSION = YES;
				GCC_WARN_ABOUT_RETURN_TYPE = YES_ERROR;
				GCC_WARN_UNDECLARED_SELECTOR = YES;
				GCC_WARN_UNINITIALIZED_AUTOS = YES_AGGRESSIVE;
				GCC_WARN_UNUSED_FUNCTION = YES;
				GCC_WARN_UNUSED_VARIABLE = YES;
				IPHONEOS_DEPLOYMENT_TARGET = 9.2;
				MTL_ENABLE_DEBUG_INFO = YES;
				ONLY_ACTIVE_ARCH = YES;
				SDKROOT = iphoneos;
				SWIFT_OPTIMIZATION_LEVEL = "-Onone";
			};
			name = Debug;
		};
		D6E835D01C8760D5009BFF5A /* Release */ = {
			isa = XCBuildConfiguration;
			buildSettings = {
				ALWAYS_SEARCH_USER_PATHS = NO;
				CLANG_CXX_LANGUAGE_STANDARD = "gnu++0x";
				CLANG_CXX_LIBRARY = "libc++";
				CLANG_ENABLE_MODULES = YES;
				CLANG_ENABLE_OBJC_ARC = YES;
				CLANG_WARN_BOOL_CONVERSION = YES;
				CLANG_WARN_CONSTANT_CONVERSION = YES;
				CLANG_WARN_DIRECT_OBJC_ISA_USAGE = YES_ERROR;
				CLANG_WARN_EMPTY_BODY = YES;
				CLANG_WARN_ENUM_CONVERSION = YES;
				CLANG_WARN_INT_CONVERSION = YES;
				CLANG_WARN_OBJC_ROOT_CLASS = YES_ERROR;
				CLANG_WARN_UNREACHABLE_CODE = YES;
				CLANG_WARN__DUPLICATE_METHOD_MATCH = YES;
				"CODE_SIGN_IDENTITY[sdk=iphoneos*]" = "iPhone Developer";
				COPY_PHASE_STRIP = NO;
				DEBUG_INFORMATION_FORMAT = "dwarf-with-dsym";
				ENABLE_NS_ASSERTIONS = NO;
				ENABLE_STRICT_OBJC_MSGSEND = YES;
				GCC_C_LANGUAGE_STANDARD = gnu99;
				GCC_NO_COMMON_BLOCKS = YES;
				GCC_WARN_64_TO_32_BIT_CONVERSION = YES;
				GCC_WARN_ABOUT_RETURN_TYPE = YES_ERROR;
				GCC_WARN_UNDECLARED_SELECTOR = YES;
				GCC_WARN_UNINITIALIZED_AUTOS = YES_AGGRESSIVE;
				GCC_WARN_UNUSED_FUNCTION = YES;
				GCC_WARN_UNUSED_VARIABLE = YES;
				IPHONEOS_DEPLOYMENT_TARGET = 9.2;
				MTL_ENABLE_DEBUG_INFO = NO;
				SDKROOT = iphoneos;
				VALIDATE_PRODUCT = YES;
			};
			name = Release;
		};
		D6E835D21C8760D5009BFF5A /* Debug */ = {
			isa = XCBuildConfiguration;
			buildSettings = {
				ASSETCATALOG_COMPILER_APPICON_NAME = AppIcon;
				INFOPLIST_FILE = FirstApp/Info.plist;
				LD_RUNPATH_SEARCH_PATHS = "$(inherited) @executable_path/Frameworks";
				PRODUCT_BUNDLE_IDENTIFIER = tpidech..FirstApp;
				PRODUCT_NAME = "$(TARGET_NAME)";
			};
			name = Debug;
		};
		D6E835D31C8760D5009BFF5A /* Release */ = {
			isa = XCBuildConfiguration;
			buildSettings = {
				ASSETCATALOG_COMPILER_APPICON_NAME = AppIcon;
				INFOPLIST_FILE = FirstApp/Info.plist;
				LD_RUNPATH_SEARCH_PATHS = "$(inherited) @executable_path/Frameworks";
				PRODUCT_BUNDLE_IDENTIFIER = tpidech..FirstApp;
				PRODUCT_NAME = "$(TARGET_NAME)";
			};
			name = Release;
		};
		D6E835D51C8760D5009BFF5A /* Debug */ = {
			isa = XCBuildConfiguration;
			buildSettings = {
				BUNDLE_LOADER = "$(TEST_HOST)";
				INFOPLIST_FILE = FirstAppTests/Info.plist;
				LD_RUNPATH_SEARCH_PATHS = "$(inherited) @executable_path/Frameworks @loader_path/Frameworks";
				PRODUCT_BUNDLE_IDENTIFIER = tpidech..FirstAppTests;
				PRODUCT_NAME = "$(TARGET_NAME)";
				TEST_HOST = "$(BUILT_PRODUCTS_DIR)/FirstApp.app/FirstApp";
			};
			name = Debug;
		};
		D6E835D61C8760D5009BFF5A /* Release */ = {
			isa = XCBuildConfiguration;
			buildSettings = {
				BUNDLE_LOADER = "$(TEST_HOST)";
				INFOPLIST_FILE = FirstAppTests/Info.plist;
				LD_RUNPATH_SEARCH_PATHS = "$(inherited) @executable_path/Frameworks @loader_path/Frameworks";
				PRODUCT_BUNDLE_IDENTIFIER = tpidech..FirstAppTests;
				PRODUCT_NAME = "$(TARGET_NAME)";
				TEST_HOST = "$(BUILT_PRODUCTS_DIR)/FirstApp.app/FirstApp";
			};
			name = Release;
		};
		D6E835D81C8760D5009BFF5A /* Debug */ = {
			isa = XCBuildConfiguration;
			buildSettings = {
				INFOPLIST_FILE = FirstAppUITests/Info.plist;
				LD_RUNPATH_SEARCH_PATHS = "$(inherited) @executable_path/Frameworks @loader_path/Frameworks";
				PRODUCT_BUNDLE_IDENTIFIER = tpidech..FirstAppUITests;
				PRODUCT_NAME = "$(TARGET_NAME)";
				TEST_TARGET_NAME = FirstApp;
				USES_XCTRUNNER = YES;
			};
			name = Debug;
		};
		D6E835D91C8760D5009BFF5A /* Release */ = {
			isa = XCBuildConfiguration;
			buildSettings = {
				INFOPLIST_FILE = FirstAppUITests/Info.plist;
				LD_RUNPATH_SEARCH_PATHS = "$(inherited) @executable_path/Frameworks @loader_path/Frameworks";
				PRODUCT_BUNDLE_IDENTIFIER = tpidech..FirstAppUITests;
				PRODUCT_NAME = "$(TARGET_NAME)";
				TEST_TARGET_NAME = FirstApp;
				USES_XCTRUNNER = YES;
			};
			name = Release;
		};
/* End XCBuildConfiguration section */

/* Begin XCConfigurationList section */
		D6E835A41C8760D5009BFF5A /* Build configuration list for PBXProject "FirstApp" */ = {
			isa = XCConfigurationList;
			buildConfigurations = (
				D6E835CF1C8760D5009BFF5A /* Debug */,
				D6E835D01C8760D5009BFF5A /* Release */,
			);
			defaultConfigurationIsVisible = 0;
			defaultConfigurationName = Release;
		};
		D6E835D11C8760D5009BFF5A /* Build configuration list for PBXNativeTarget "FirstApp" */ = {
			isa = XCConfigurationList;
			buildConfigurations = (
				D6E835D21C8760D5009BFF5A /* Debug */,
				D6E835D31C8760D5009BFF5A /* Release */,
			);
			defaultConfigurationIsVisible = 0;
		};
		D6E835D41C8760D5009BFF5A /* Build configuration list for PBXNativeTarget "FirstAppTests" */ = {
			isa = XCConfigurationList;
			buildConfigurations = (
				D6E835D51C8760D5009BFF5A /* Debug */,
				D6E835D61C8760D5009BFF5A /* Release */,
			);
			defaultConfigurationIsVisible = 0;
		};
		D6E835D71C8760D5009BFF5A /* Build configuration list for PBXNativeTarget "FirstAppUITests" */ = {
			isa = XCConfigurationList;
			buildConfigurations = (
				D6E835D81C8760D5009BFF5A /* Debug */,
				D6E835D91C8760D5009BFF5A /* Release */,
			);
			defaultConfigurationIsVisible = 0;
		};
/* End XCConfigurationList section */
	};
	rootObject = D6E835A11C8760D5009BFF5A /* Project object */;
}
